
Microsoft Visual Studio Solution File, Format Version 12.00
# Visual Studio Version 16
VisualStudioVersion = 16.0.30204.135
MinimumVisualStudioVersion = 10.0.40219.1
Project("{FAE04EC0-301F-11D3-BF4B-00C04F79EFBC}") = "hadik2", "hadik2\hadik2.csproj", "{93087C82-3BDA-42F8-A22B-BCC8C7187591}"
EndProject
Global
	GlobalSection(SolutionConfigurationPlatforms) = preSolution
		Debug|Any CPU = Debug|Any CPU
		Release|Any CPU = Release|Any CPU
	EndGlobalSection
	GlobalSection(ProjectConfigurationPlatforms) = postSolution
		{93087C82-3BDA-42F8-A22B-BCC8C7187591}.Debug|Any CPU.ActiveCfg = Debug|Any CPU
		{93087C82-3BDA-42F8-A22B-BCC8C7187591}.Debug|Any CPU.Build.0 = Debug|Any CPU
		{93087C82-3BDA-42F8-A22B-BCC8C7187591}.Release|Any CPU.ActiveCfg = Release|Any CPU
		{93087C82-3BDA-42F8-A22B-BCC8C7187591}.Release|Any CPU.Build.0 = Release|Any CPU
	EndGlobalSection
	GlobalSection(SolutionProperties) = preSolution
		HideSolutionNode = FALSE
	EndGlobalSection
	GlobalSection(ExtensibilityGlobals) = postSolution
		SolutionGuid = {4268AB29-A6E0-414B-B352-5BDEE5D96AC3}
	EndGlobalSection
EndGlobal
